
Microsoft Visual Studio Solution File, Format Version 12.00
# Visual Studio Version 16
VisualStudioVersion = 16.0.31321.278
MinimumVisualStudioVersion = 10.0.40219.1
Project("{FAE04EC0-301F-11D3-BF4B-00C04F79EFBC}") = "IoT-System", "MultiWPFApp\IoT-System.csproj", "{382658CA-1B23-4FC9-BF68-AC3A99AA0622}"
EndProject
Global
	GlobalSection(SolutionConfigurationPlatforms) = preSolution
		Debug|Any CPU = Debug|Any CPU
		Release|Any CPU = Release|Any CPU
	EndGlobalSection
	GlobalSection(ProjectConfigurationPlatforms) = postSolution
		{382658CA-1B23-4FC9-BF68-AC3A99AA0622}.Debug|Any CPU.ActiveCfg = Debug|Any CPU
		{382658CA-1B23-4FC9-BF68-AC3A99AA0622}.Debug|Any CPU.Build.0 = Debug|Any CPU
		{382658CA-1B23-4FC9-BF68-AC3A99AA0622}.Release|Any CPU.ActiveCfg = Release|Any CPU
		{382658CA-1B23-4FC9-BF68-AC3A99AA0622}.Release|Any CPU.Build.0 = Release|Any CPU
	EndGlobalSection
	GlobalSection(SolutionProperties) = preSolution
		HideSolutionNode = FALSE
	EndGlobalSection
	GlobalSection(ExtensibilityGlobals) = postSolution
		SolutionGuid = {988BA325-1EEC-48ED-9602-4B9F3304A2C0}
	EndGlobalSection
EndGlobal
